{
  "object": {
    "pins": [
      {
        "package": "AppAuth",
        "repositoryURL": "https://github.com/openid/AppAuth-iOS",
        "state": {
          "branch": null,
          "revision": "01131d68346c8ae552961c768d583c715fbe1410",
          "version": "1.4.0"
        }
      },
      {
        "package": "Cryptor",
        "repositoryURL": "https://github.com/Kitura/BlueCryptor.git",
        "state": {
          "branch": null,
          "revision": "ee5880e031da4c609f372cf7472476ab51d5dd19",
          "version": "1.0.200"
        }
      },
      {
        "package": "CryptorECC",
        "repositoryURL": "https://github.com/Kitura/BlueECC.git",
        "state": {
          "branch": null,
          "revision": "baf6ed3fc1a622675f0041b4aff7c02dd1a93818",
          "version": "1.2.200"
        }
      },
      {
        "package": "CryptorRSA",
        "repositoryURL": "https://github.com/Kitura/BlueRSA.git",
        "state": {
          "branch": null,
          "revision": "440f78db26d8bb073f29590f1c7bd31004da09ae",
          "version": "1.0.201"
        }
      },
      {
        "package": "KituraContracts",
        "repositoryURL": "https://github.com/Kitura/KituraContracts.git",
        "state": {
          "branch": null,
          "revision": "8418006e39e2efae9b31ae92721cb597ac29c617",
          "version": "1.2.200"
        }
      },
      {
        "package": "LoggerAPI",
        "repositoryURL": "https://github.com/Kitura/LoggerAPI.git",
        "state": {
          "branch": null,
          "revision": "e82d34eab3f0b05391082b11ea07d3b70d2f65bb",
          "version": "1.9.200"
        }
      },
      {
        "package": "SwiftJWT",
        "repositoryURL": "https://github.com/Kitura/Swift-JWT",
        "state": {
          "branch": null,
          "revision": "2f2fc12ae88660e0760b04d9e6c341517b31ad7b",
          "version": "3.6.200"
        }
      },
      {
        "package": "swift-log",
        "repositoryURL": "https://github.com/apple/swift-log.git",
        "state": {
          "branch": null,
          "revision": "5d66f7ba25daf4f94100e7022febf3c75e37a6c7",
          "version": "1.4.2"
        }
      },
      {
        "package": "SwiftCoroutine",
        "repositoryURL": "https://github.com/belozierov/SwiftCoroutine",
        "state": {
          "branch": null,
          "revision": "d15c034dd235bed4393f6b25290c8b9025b2fdf8",
          "version": "2.1.11"
        }
      },
      {
        "package": "SwiftKeychainWrapper",
        "repositoryURL": "https://github.com/jrendel/SwiftKeychainWrapper",
        "state": {
          "branch": null,
          "revision": "185a3165346a03767101c4f62e9a545a0fe0530f",
          "version": "4.0.1"
        }
      }
    ]
  },
  "version": 1
}
